
Microsoft Visual Studio Solution File, Format Version 12.00
# Visual Studio Version 16
VisualStudioVersion = 16.0.31321.278
MinimumVisualStudioVersion = 10.0.40219.1
Project("{8BC9CEB8-8B4A-11D0-8D11-00A0C91BC942}") = "2021_6_17", "2021_6_17\2021_6_17.vcxproj", "{567C0B1C-4AE9-433C-A7D4-CD2CB26E0D40}"
EndProject
Global
	GlobalSection(SolutionConfigurationPlatforms) = preSolution
		Debug|x64 = Debug|x64
		Debug|x86 = Debug|x86
		Release|x64 = Release|x64
		Release|x86 = Release|x86
	EndGlobalSection
	GlobalSection(ProjectConfigurationPlatforms) = postSolution
		{567C0B1C-4AE9-433C-A7D4-CD2CB26E0D40}.Debug|x64.ActiveCfg = Debug|x64
		{567C0B1C-4AE9-433C-A7D4-CD2CB26E0D40}.Debug|x64.Build.0 = Debug|x64
		{567C0B1C-4AE9-433C-A7D4-CD2CB26E0D40}.Debug|x86.ActiveCfg = Debug|Win32
		{567C0B1C-4AE9-433C-A7D4-CD2CB26E0D40}.Debug|x86.Build.0 = Debug|Win32
		{567C0B1C-4AE9-433C-A7D4-CD2CB26E0D40}.Release|x64.ActiveCfg = Release|x64
		{567C0B1C-4AE9-433C-A7D4-CD2CB26E0D40}.Release|x64.Build.0 = Release|x64
		{567C0B1C-4AE9-433C-A7D4-CD2CB26E0D40}.Release|x86.ActiveCfg = Release|Win32
		{567C0B1C-4AE9-433C-A7D4-CD2CB26E0D40}.Release|x86.Build.0 = Release|Win32
	EndGlobalSection
	GlobalSection(SolutionProperties) = preSolution
		HideSolutionNode = FALSE
	EndGlobalSection
	GlobalSection(ExtensibilityGlobals) = postSolution
		SolutionGuid = {F225A13C-5254-4B08-A4C4-A219C69E9A30}
	EndGlobalSection
EndGlobal
