
Microsoft Visual Studio Solution File, Format Version 12.00
# Visual Studio Version 16
VisualStudioVersion = 16.0.31321.278
MinimumVisualStudioVersion = 10.0.40219.1
Project("{8BC9CEB8-8B4A-11D0-8D11-00A0C91BC942}") = "test_bit_21_06-18", "test_bit_21_06-18\test_bit_21_06-18.vcxproj", "{40A74FA3-5061-44C2-92C5-C6A695608A52}"
EndProject
Global
	GlobalSection(SolutionConfigurationPlatforms) = preSolution
		Debug|x64 = Debug|x64
		Debug|x86 = Debug|x86
		Release|x64 = Release|x64
		Release|x86 = Release|x86
	EndGlobalSection
	GlobalSection(ProjectConfigurationPlatforms) = postSolution
		{40A74FA3-5061-44C2-92C5-C6A695608A52}.Debug|x64.ActiveCfg = Debug|x64
		{40A74FA3-5061-44C2-92C5-C6A695608A52}.Debug|x64.Build.0 = Debug|x64
		{40A74FA3-5061-44C2-92C5-C6A695608A52}.Debug|x86.ActiveCfg = Debug|Win32
		{40A74FA3-5061-44C2-92C5-C6A695608A52}.Debug|x86.Build.0 = Debug|Win32
		{40A74FA3-5061-44C2-92C5-C6A695608A52}.Release|x64.ActiveCfg = Release|x64
		{40A74FA3-5061-44C2-92C5-C6A695608A52}.Release|x64.Build.0 = Release|x64
		{40A74FA3-5061-44C2-92C5-C6A695608A52}.Release|x86.ActiveCfg = Release|Win32
		{40A74FA3-5061-44C2-92C5-C6A695608A52}.Release|x86.Build.0 = Release|Win32
	EndGlobalSection
	GlobalSection(SolutionProperties) = preSolution
		HideSolutionNode = FALSE
	EndGlobalSection
	GlobalSection(ExtensibilityGlobals) = postSolution
		SolutionGuid = {C035A25D-0901-45F8-8476-0D83A9115B69}
	EndGlobalSection
EndGlobal
