
Microsoft Visual Studio Solution File, Format Version 12.00
# Visual Studio Version 16
VisualStudioVersion = 16.0.31321.278
MinimumVisualStudioVersion = 10.0.40219.1
Project("{8BC9CEB8-8B4A-11D0-8D11-00A0C91BC942}") = "test_21_9_21", "test_21_9_21\test_21_9_21.vcxproj", "{B36CB9C5-1A5D-4FA5-BD71-45318D730D3A}"
EndProject
Global
	GlobalSection(SolutionConfigurationPlatforms) = preSolution
		Debug|x64 = Debug|x64
		Debug|x86 = Debug|x86
		Release|x64 = Release|x64
		Release|x86 = Release|x86
	EndGlobalSection
	GlobalSection(ProjectConfigurationPlatforms) = postSolution
		{B36CB9C5-1A5D-4FA5-BD71-45318D730D3A}.Debug|x64.ActiveCfg = Debug|x64
		{B36CB9C5-1A5D-4FA5-BD71-45318D730D3A}.Debug|x64.Build.0 = Debug|x64
		{B36CB9C5-1A5D-4FA5-BD71-45318D730D3A}.Debug|x86.ActiveCfg = Debug|Win32
		{B36CB9C5-1A5D-4FA5-BD71-45318D730D3A}.Debug|x86.Build.0 = Debug|Win32
		{B36CB9C5-1A5D-4FA5-BD71-45318D730D3A}.Release|x64.ActiveCfg = Release|x64
		{B36CB9C5-1A5D-4FA5-BD71-45318D730D3A}.Release|x64.Build.0 = Release|x64
		{B36CB9C5-1A5D-4FA5-BD71-45318D730D3A}.Release|x86.ActiveCfg = Release|Win32
		{B36CB9C5-1A5D-4FA5-BD71-45318D730D3A}.Release|x86.Build.0 = Release|Win32
	EndGlobalSection
	GlobalSection(SolutionProperties) = preSolution
		HideSolutionNode = FALSE
	EndGlobalSection
	GlobalSection(ExtensibilityGlobals) = postSolution
		SolutionGuid = {224FAE29-21A3-43FD-9961-8B79EEB0D5B8}
	EndGlobalSection
EndGlobal
