
Microsoft Visual Studio Solution File, Format Version 12.00
# Visual Studio Version 16
VisualStudioVersion = 16.0.31321.278
MinimumVisualStudioVersion = 10.0.40219.1
Project("{8BC9CEB8-8B4A-11D0-8D11-00A0C91BC942}") = "21_6_15", "21_6_15\21_6_15.vcxproj", "{8433CCA9-DD79-4733-BEB3-3FF706E641CD}"
EndProject
Global
	GlobalSection(SolutionConfigurationPlatforms) = preSolution
		Debug|x64 = Debug|x64
		Debug|x86 = Debug|x86
		Release|x64 = Release|x64
		Release|x86 = Release|x86
	EndGlobalSection
	GlobalSection(ProjectConfigurationPlatforms) = postSolution
		{8433CCA9-DD79-4733-BEB3-3FF706E641CD}.Debug|x64.ActiveCfg = Debug|x64
		{8433CCA9-DD79-4733-BEB3-3FF706E641CD}.Debug|x64.Build.0 = Debug|x64
		{8433CCA9-DD79-4733-BEB3-3FF706E641CD}.Debug|x86.ActiveCfg = Debug|Win32
		{8433CCA9-DD79-4733-BEB3-3FF706E641CD}.Debug|x86.Build.0 = Debug|Win32
		{8433CCA9-DD79-4733-BEB3-3FF706E641CD}.Release|x64.ActiveCfg = Release|x64
		{8433CCA9-DD79-4733-BEB3-3FF706E641CD}.Release|x64.Build.0 = Release|x64
		{8433CCA9-DD79-4733-BEB3-3FF706E641CD}.Release|x86.ActiveCfg = Release|Win32
		{8433CCA9-DD79-4733-BEB3-3FF706E641CD}.Release|x86.Build.0 = Release|Win32
	EndGlobalSection
	GlobalSection(SolutionProperties) = preSolution
		HideSolutionNode = FALSE
	EndGlobalSection
	GlobalSection(ExtensibilityGlobals) = postSolution
		SolutionGuid = {B59656A9-8AFD-4307-AB76-1DABC7CA9D79}
	EndGlobalSection
EndGlobal
